
Microsoft Visual Studio Solution File, Format Version 12.00
# Visual Studio Version 17
VisualStudioVersion = 17.4.33213.308
MinimumVisualStudioVersion = 10.0.40219.1
Project("{FAE04EC0-301F-11D3-BF4B-00C04F79EFBC}") = "SpeedTextTest", "SpeedTextTest.csproj", "{D27E699D-495E-4888-B177-9B3BE3D3C013}"
EndProject
Project("{2150E333-8FDC-42A3-9474-1A3956D46DE8}") = "Solution Items", "Solution Items", "{2B41E700-5258-4DEB-BF45-6997A83AF162}"
	ProjectSection(SolutionItems) = preProject
		.editorconfig = .editorconfig
	EndProjectSection
EndProject
Global
	GlobalSection(SolutionConfigurationPlatforms) = preSolution
		Debug|Any CPU = Debug|Any CPU
		Release|Any CPU = Release|Any CPU
	EndGlobalSection
	GlobalSection(ProjectConfigurationPlatforms) = postSolution
		{D27E699D-495E-4888-B177-9B3BE3D3C013}.Debug|Any CPU.ActiveCfg = Debug|Any CPU
		{D27E699D-495E-4888-B177-9B3BE3D3C013}.Debug|Any CPU.Build.0 = Debug|Any CPU
		{D27E699D-495E-4888-B177-9B3BE3D3C013}.Release|Any CPU.ActiveCfg = Release|Any CPU
		{D27E699D-495E-4888-B177-9B3BE3D3C013}.Release|Any CPU.Build.0 = Release|Any CPU
	EndGlobalSection
	GlobalSection(SolutionProperties) = preSolution
		HideSolutionNode = FALSE
	EndGlobalSection
	GlobalSection(ExtensibilityGlobals) = postSolution
		SolutionGuid = {E9EEA23C-9935-4663-92D2-904D6CF26CE9}
	EndGlobalSection
EndGlobal
